// !$*UTF8*$!
{
	archiveVersion = 1;
	classes = {
	};
	objectVersion = 46;
	objects = {

/* Begin PBXBuildFile section */
		CC5099C11C3902F2003F9F17 /* AppDelegate.swift in Sources */ = {isa = PBXBuildFile; fileRef = CC5099C01C3902F2003F9F17 /* AppDelegate.swift */; };
		CC5099C31C3902F2003F9F17 /* ViewController.swift in Sources */ = {isa = PBXBuildFile; fileRef = CC5099C21C3902F2003F9F17 /* ViewController.swift */; };
		CC5099C61C3902F2003F9F17 /* Main.storyboard in Resources */ = {isa = PBXBuildFile; fileRef = CC5099C41C3902F2003F9F17 /* Main.storyboard */; };
		CC5099C91C3902F2003F9F17 /* Core_Data.xcdatamodeld in Sources */ = {isa = PBXBuildFile; fileRef = CC5099C71C3902F2003F9F17 /* Core_Data.xcdatamodeld */; };
		CC5099CB1C3902F2003F9F17 /* Assets.xcassets in Resources */ = {isa = PBXBuildFile; fileRef = CC5099CA1C3902F2003F9F17 /* Assets.xcassets */; };
		CC5099CE1C3902F2003F9F17 /* LaunchScreen.storyboard in Resources */ = {isa = PBXBuildFile; fileRef = CC5099CC1C3902F2003F9F17 /* LaunchScreen.storyboard */; };
		CC5099D61C391F80003F9F17 /* CoreDataManager.swift in Sources */ = {isa = PBXBuildFile; fileRef = CC5099D51C391F80003F9F17 /* CoreDataManager.swift */; };
/* End PBXBuildFile section */

/* Begin PBXFileReference section */
		CC5099BD1C3902F2003F9F17 /* Core Data.app */ = {isa = PBXFileReference; explicitFileType = wrapper.application; includeInIndex = 0; path = "Core Data.app"; sourceTree = BUILT_PRODUCTS_DIR; };
		CC5099C01C3902F2003F9F17 /* AppDelegate.swift */ = {isa = PBXFileReference; lastKnownFileType = sourcecode.swift; path = AppDelegate.swift; sourceTree = "<group>"; };
		CC5099C21C3902F2003F9F17 /* ViewController.swift */ = {isa = PBXFileReference; lastKnownFileType = sourcecode.swift; path = ViewController.swift; sourceTree = "<group>"; };
		CC5099C51C3902F2003F9F17 /* Base */ = {isa = PBXFileReference; lastKnownFileType = file.storyboard; name = Base; path = Base.lproj/Main.storyboard; sourceTree = "<group>"; };
		CC5099C81C3902F2003F9F17 /* Core_Data.xcdatamodel */ = {isa = PBXFileReference; lastKnownFileType = wrapper.xcdatamodel; path = Core_Data.xcdatamodel; sourceTree = "<group>"; };
		CC5099CA1C3902F2003F9F17 /* Assets.xcassets */ = {isa = PBXFileReference; lastKnownFileType = folder.assetcatalog; path = Assets.xcassets; sourceTree = "<group>"; };
		CC5099CD1C3902F2003F9F17 /* Base */ = {isa = PBXFileReference; lastKnownFileType = file.storyboard; name = Base; path = Base.lproj/LaunchScreen.storyboard; sourceTree = "<group>"; };
		CC5099CF1C3902F2003F9F17 /* Info.plist */ = {isa = PBXFileReference; lastKnownFileType = text.plist.xml; path = Info.plist; sourceTree = "<group>"; };
		CC5099D51C391F80003F9F17 /* CoreDataManager.swift */ = {isa = PBXFileReference; fileEncoding = 4; lastKnownFileType = sourcecode.swift; path = CoreDataManager.swift; sourceTree = "<group>"; };
/* End PBXFileReference section */

/* Begin PBXFrameworksBuildPhase section */
		CC5099BA1C3902F2003F9F17 /* Frameworks */ = {
			isa = PBXFrameworksBuildPhase;
			buildActionMask = 2147483647;
			files = (
			);
			runOnlyForDeploymentPostprocessing = 0;
		};
/* End PBXFrameworksBuildPhase section */

/* Begin PBXGroup section */
		CC5099B41C3902F2003F9F17 = {
			isa = PBXGroup;
			children = (
				CC5099BF1C3902F2003F9F17 /* Core Data */,
				CC5099BE1C3902F2003F9F17 /* Products */,
			);
			sourceTree = "<group>";
		};
		CC5099BE1C3902F2003F9F17 /* Products */ = {
			isa = PBXGroup;
			children = (
				CC5099BD1C3902F2003F9F17 /* Core Data.app */,
			);
			name = Products;
			sourceTree = "<group>";
		};
		CC5099BF1C3902F2003F9F17 /* Core Data */ = {
			isa = PBXGroup;
			children = (
				CC5099C01C3902F2003F9F17 /* AppDelegate.swift */,
				CC5099D51C391F80003F9F17 /* CoreDataManager.swift */,
				CC5099C21C3902F2003F9F17 /* ViewController.swift */,
				CC5099C41C3902F2003F9F17 /* Main.storyboard */,
				CC5099CA1C3902F2003F9F17 /* Assets.xcassets */,
				CC5099CC1C3902F2003F9F17 /* LaunchScreen.storyboard */,
				CC5099CF1C3902F2003F9F17 /* Info.plist */,
				CC5099C71C3902F2003F9F17 /* Core_Data.xcdatamodeld */,
			);
			path = "Core Data";
			sourceTree = "<group>";
		};
/* End PBXGroup section */

/* Begin PBXNativeTarget section */
		CC5099BC1C3902F2003F9F17 /* Core Data */ = {
			isa = PBXNativeTarget;
			buildConfigurationList = CC5099D21C3902F2003F9F17 /* Build configuration list for PBXNativeTarget "Core Data" */;
			buildPhases = (
				CC5099B91C3902F2003F9F17 /* Sources */,
				CC5099BA1C3902F2003F9F17 /* Frameworks */,
				CC5099BB1C3902F2003F9F17 /* Resources */,
			);
			buildRules = (
			);
			dependencies = (
			);
			name = "Core Data";
			productName = "Core Data";
			productReference = CC5099BD1C3902F2003F9F17 /* Core Data.app */;
			productType = "com.apple.product-type.application";
		};
/* End PBXNativeTarget section */

/* Begin PBXProject section */
		CC5099B51C3902F2003F9F17 /* Project object */ = {
			isa = PBXProject;
			attributes = {
				LastSwiftUpdateCheck = 0710;
				LastUpgradeCheck = 0710;
				ORGANIZATIONNAME = "Bart Jacobs";
				TargetAttributes = {
					CC5099BC1C3902F2003F9F17 = {
						CreatedOnToolsVersion = 7.1.1;
					};
				};
			};
			buildConfigurationList = CC5099B81C3902F2003F9F17 /* Build configuration list for PBXProject "Core Data" */;
			compatibilityVersion = "Xcode 3.2";
			developmentRegion = English;
			hasScannedForEncodings = 0;
			knownRegions = (
				en,
				Base,
			);
			mainGroup = CC5099B41C3902F2003F9F17;
			productRefGroup = CC5099BE1C3902F2003F9F17 /* Products */;
			projectDirPath = "";
			projectRoot = "";
			targets = (
				CC5099BC1C3902F2003F9F17 /* Core Data */,
			);
		};
/* End PBXProject section */

/* Begin PBXResourcesBuildPhase section */
		CC5099BB1C3902F2003F9F17 /* Resources */ = {
			isa = PBXResourcesBuildPhase;
			buildActionMask = 2147483647;
			files = (
				CC5099CE1C3902F2003F9F17 /* LaunchScreen.storyboard in Resources */,
				CC5099CB1C3902F2003F9F17 /* Assets.xcassets in Resources */,
				CC5099C61C3902F2003F9F17 /* Main.storyboard in Resources */,
			);
			runOnlyForDeploymentPostprocessing = 0;
		};
/* End PBXResourcesBuildPhase section */

/* Begin PBXSourcesBuildPhase section */
		CC5099B91C3902F2003F9F17 /* Sources */ = {
			isa = PBXSourcesBuildPhase;
			buildActionMask = 2147483647;
			files = (
				CC5099C31C3902F2003F9F17 /* ViewController.swift in Sources */,
				CC5099C11C3902F2003F9F17 /* AppDelegate.swift in Sources */,
				CC5099D61C391F80003F9F17 /* CoreDataManager.swift in Sources */,
				CC5099C91C3902F2003F9F17 /* Core_Data.xcdatamodeld in Sources */,
			);
			runOnlyForDeploymentPostprocessing = 0;
		};
/* End PBXSourcesBuildPhase section */

/* Begin PBXVariantGroup section */
		CC5099C41C3902F2003F9F17 /* Main.storyboard */ = {
			isa = PBXVariantGroup;
			children = (
				CC5099C51C3902F2003F9F17 /* Base */,
			);
			name = Main.storyboard;
			sourceTree = "<group>";
		};
		CC5099CC1C3902F2003F9F17 /* LaunchScreen.storyboard */ = {
			isa = PBXVariantGroup;
			children = (
				CC5099CD1C3902F2003F9F17 /* Base */,
			);
			name = LaunchScreen.storyboard;
			sourceTree = "<group>";
		};
/* End PBXVariantGroup section */

/* Begin XCBuildConfiguration section */
		CC5099D01C3902F2003F9F17 /* Debug */ = {
			isa = XCBuildConfiguration;
			buildSettings = {
				ALWAYS_SEARCH_USER_PATHS = NO;
				CLANG_CXX_LANGUAGE_STANDARD = "gnu++0x";
				CLANG_CXX_LIBRARY = "libc++";
				CLANG_ENABLE_MODULES = YES;
				CLANG_ENABLE_OBJC_ARC = YES;
				CLANG_WARN_BOOL_CONVERSION = YES;
				CLANG_WARN_CONSTANT_CONVERSION = YES;
				CLANG_WARN_DIRECT_OBJC_ISA_USAGE = YES_ERROR;
				CLANG_WARN_EMPTY_BODY = YES;
				CLANG_WARN_ENUM_CONVERSION = YES;
				CLANG_WARN_INT_CONVERSION = YES;
				CLANG_WARN_OBJC_ROOT_CLASS = YES_ERROR;
				CLANG_WARN_UNREACHABLE_CODE = YES;
				CLANG_WARN__DUPLICATE_METHOD_MATCH = YES;
				"CODE_SIGN_IDENTITY[sdk=iphoneos*]" = "iPhone Developer";
				COPY_PHASE_STRIP = NO;
				DEBUG_INFORMATION_FORMAT = dwarf;
				ENABLE_STRICT_OBJC_MSGSEND = YES;
				ENABLE_TESTABILITY = YES;
				GCC_C_LANGUAGE_STANDARD = gnu99;
				GCC_DYNAMIC_NO_PIC = NO;
				GCC_NO_COMMON_BLOCKS = YES;
				GCC_OPTIMIZATION_LEVEL = 0;
				GCC_PREPROCESSOR_DEFINITIONS = (
					"DEBUG=1",
					"$(inherited)",
				);
				GCC_WARN_64_TO_32_BIT_CONVERSION = YES;
				GCC_WARN_ABOUT_RETURN_TYPE = YES_ERROR;
				GCC_WARN_UNDECLARED_SELECTOR = YES;
				GCC_WARN_UNINITIALIZED_AUTOS = YES_AGGRESSIVE;
				GCC_WARN_UNUSED_FUNCTION = YES;
				GCC_WARN_UNUSED_VARIABLE = YES;
				IPHONEOS_DEPLOYMENT_TARGET = 9.1;
				MTL_ENABLE_DEBUG_INFO = YES;
				ONLY_ACTIVE_ARCH = YES;
				SDKROOT = iphoneos;
				SWIFT_OPTIMIZATION_LEVEL = "-Onone";
			};
			name = Debug;
		};
		CC5099D11C3902F2003F9F17 /* Release */ = {
			isa = XCBuildConfiguration;
			buildSettings = {
				ALWAYS_SEARCH_USER_PATHS = NO;
				CLANG_CXX_LANGUAGE_STANDARD = "gnu++0x";
				CLANG_CXX_LIBRARY = "libc++";
				CLANG_ENABLE_MODULES = YES;
				CLANG_ENABLE_OBJC_ARC = YES;
				CLANG_WARN_BOOL_CONVERSION = YES;
				CLANG_WARN_CONSTANT_CONVERSION = YES;
				CLANG_WARN_DIRECT_OBJC_ISA_USAGE = YES_ERROR;
				CLANG_WARN_EMPTY_BODY = YES;
				CLANG_WARN_ENUM_CONVERSION = YES;
				CLANG_WARN_INT_CONVERSION = YES;
				CLANG_WARN_OBJC_ROOT_CLASS = YES_ERROR;
				CLANG_WARN_UNREACHABLE_CODE = YES;
				CLANG_WARN__DUPLICATE_METHOD_MATCH = YES;
				"CODE_SIGN_IDENTITY[sdk=iphoneos*]" = "iPhone Developer";
				COPY_PHASE_STRIP = NO;
				DEBUG_INFORMATION_FORMAT = "dwarf-with-dsym";
				ENABLE_NS_ASSERTIONS = NO;
				ENABLE_STRICT_OBJC_MSGSEND = YES;
				GCC_C_LANGUAGE_STANDARD = gnu99;
				GCC_NO_COMMON_BLOCKS = YES;
				GCC_WARN_64_TO_32_BIT_CONVERSION = YES;
				GCC_WARN_ABOUT_RETURN_TYPE = YES_ERROR;
				GCC_WARN_UNDECLARED_SELECTOR = YES;
				GCC_WARN_UNINITIALIZED_AUTOS = YES_AGGRESSIVE;
				GCC_WARN_UNUSED_FUNCTION = YES;
				GCC_WARN_UNUSED_VARIABLE = YES;
				IPHONEOS_DEPLOYMENT_TARGET = 9.1;
				MTL_ENABLE_DEBUG_INFO = NO;
				SDKROOT = iphoneos;
				VALIDATE_PRODUCT = YES;
			};
			name = Release;
		};
		CC5099D31C3902F2003F9F17 /* Debug */ = {
			isa = XCBuildConfiguration;
			buildSettings = {
				ASSETCATALOG_COMPILER_APPICON_NAME = AppIcon;
				INFOPLIST_FILE = "Core Data/Info.plist";
				LD_RUNPATH_SEARCH_PATHS = "$(inherited) @executable_path/Frameworks";
				PRODUCT_BUNDLE_IDENTIFIER = "com.bartjacobs.Core-Data";
				PRODUCT_NAME = "$(TARGET_NAME)";
			};
			name = Debug;
		};
		CC5099D41C3902F2003F9F17 /* Release */ = {
			isa = XCBuildConfiguration;
			buildSettings = {
				ASSETCATALOG_COMPILER_APPICON_NAME = AppIcon;
				INFOPLIST_FILE = "Core Data/Info.plist";
				LD_RUNPATH_SEARCH_PATHS = "$(inherited) @executable_path/Frameworks";
				PRODUCT_BUNDLE_IDENTIFIER = "com.bartjacobs.Core-Data";
				PRODUCT_NAME = "$(TARGET_NAME)";
			};
			name = Release;
		};
/* End XCBuildConfiguration section */

/* Begin XCConfigurationList section */
		CC5099B81C3902F2003F9F17 /* Build configuration list for PBXProject "Core Data" */ = {
			isa = XCConfigurationList;
			buildConfigurations = (
				CC5099D01C3902F2003F9F17 /* Debug */,
				CC5099D11C3902F2003F9F17 /* Release */,
			);
			defaultConfigurationIsVisible = 0;
			defaultConfigurationName = Release;
		};
		CC5099D21C3902F2003F9F17 /* Build configuration list for PBXNativeTarget "Core Data" */ = {
			isa = XCConfigurationList;
			buildConfigurations = (
				CC5099D31C3902F2003F9F17 /* Debug */,
				CC5099D41C3902F2003F9F17 /* Release */,
			);
			defaultConfigurationIsVisible = 0;
		};
/* End XCConfigurationList section */

/* Begin XCVersionGroup section */
		CC5099C71C3902F2003F9F17 /* Core_Data.xcdatamodeld */ = {
			isa = XCVersionGroup;
			children = (
				CC5099C81C3902F2003F9F17 /* Core_Data.xcdatamodel */,
			);
			currentVersion = CC5099C81C3902F2003F9F17 /* Core_Data.xcdatamodel */;
			path = Core_Data.xcdatamodeld;
			sourceTree = "<group>";
			versionGroupType = wrapper.xcdatamodel;
		};
/* End XCVersionGroup section */
	};
	rootObject = CC5099B51C3902F2003F9F17 /* Project object */;
}
